{
  "name": "emoteextractor",
  "version": "2.0.0",
  "lockfileVersion": 3,
  "requires": true,
  "packages": {
    "": {
      "name": "emoteextractor",
      "version": "2.0.0",
      "license": "MIT",
      "dependencies": {
        "emoteextractor": "file:"
      }
    },
    "node_modules/emoteextractor": {
      "resolved": "",
      "link": true
    }
  }
}
